// !$*UTF8*$!
{
	archiveVersion = 1;
	classes = {
	};
	objectVersion = 46;
	objects = {

/* Begin PBXBuildFile section */
		5E9C08AB16E63B440072CCC7 /* UIKit.framework in Frameworks */ = {isa = PBXBuildFile; fileRef = 5E9C08AA16E63B440072CCC7 /* UIKit.framework */; };
		5E9C08AD16E63B440072CCC7 /* Foundation.framework in Frameworks */ = {isa = PBXBuildFile; fileRef = 5E9C08AC16E63B440072CCC7 /* Foundation.framework */; };
		5E9C08AF16E63B440072CCC7 /* CoreGraphics.framework in Frameworks */ = {isa = PBXBuildFile; fileRef = 5E9C08AE16E63B440072CCC7 /* CoreGraphics.framework */; };
		5E9C08D116E63CFC0072CCC7 /* QuartzCore.framework in Frameworks */ = {isa = PBXBuildFile; fileRef = 5E9C08D016E63CFC0072CCC7 /* QuartzCore.framework */; };
		5E9C08D316E640060072CCC7 /* CoreMotion.framework in Frameworks */ = {isa = PBXBuildFile; fileRef = 5E9C08D216E640060072CCC7 /* CoreMotion.framework */; };
		5EBEFCDE16E6A84200C19486 /* TLViewController.m in Sources */ = {isa = PBXBuildFile; fileRef = 5E9C08E216E65E3F0072CCC7 /* TLViewController.m */; };
		5EBEFCDF16E6A84400C19486 /* TLAppDelegate.m in Sources */ = {isa = PBXBuildFile; fileRef = 5E9C08DE16E65E3F0072CCC7 /* TLAppDelegate.m */; };
		5EBEFCE316E6A86800C19486 /* Default-568h@2x.png in Resources */ = {isa = PBXBuildFile; fileRef = 5EBEFCE016E6A86800C19486 /* Default-568h@2x.png */; };
		5EBEFCE416E6A86800C19486 /* Default.png in Resources */ = {isa = PBXBuildFile; fileRef = 5EBEFCE116E6A86800C19486 /* Default.png */; };
		5EBEFCE516E6A86800C19486 /* Default@2x.png in Resources */ = {isa = PBXBuildFile; fileRef = 5EBEFCE216E6A86800C19486 /* Default@2x.png */; };
		5EBEFCE716E6A94200C19486 /* main.m in Sources */ = {isa = PBXBuildFile; fileRef = 5E9C08DC16E65E3F0072CCC7 /* main.m */; };
		C933F83116FCE5FA007B1760 /* FastForwardButton.png in Resources */ = {isa = PBXBuildFile; fileRef = C933F82B16FCE5FA007B1760 /* FastForwardButton.png */; };
		C933F83216FCE5FA007B1760 /* FastForwardButton@2x.png in Resources */ = {isa = PBXBuildFile; fileRef = C933F82C16FCE5FA007B1760 /* FastForwardButton@2x.png */; };
		C933F83316FCE5FA007B1760 /* PlayButton.png in Resources */ = {isa = PBXBuildFile; fileRef = C933F82D16FCE5FA007B1760 /* PlayButton.png */; };
		C933F83416FCE5FA007B1760 /* PlayButton@2x.png in Resources */ = {isa = PBXBuildFile; fileRef = C933F82E16FCE5FA007B1760 /* PlayButton@2x.png */; };
		C933F83516FCE5FA007B1760 /* RewindButton.png in Resources */ = {isa = PBXBuildFile; fileRef = C933F82F16FCE5FA007B1760 /* RewindButton.png */; };
		C933F83616FCE5FA007B1760 /* RewindButton@2x.png in Resources */ = {isa = PBXBuildFile; fileRef = C933F83016FCE5FA007B1760 /* RewindButton@2x.png */; };
		C933F84116FCE67B007B1760 /* GZCoreGraphicsAdditions.m in Sources */ = {isa = PBXBuildFile; fileRef = C933F83916FCE67A007B1760 /* GZCoreGraphicsAdditions.m */; };
		C933F84716FCE67B007B1760 /* MTZTiltReflectionSlider.m in Sources */ = {isa = PBXBuildFile; fileRef = C933F84016FCE67B007B1760 /* MTZTiltReflectionSlider.m */; };
		C933F84C16FCE6D6007B1760 /* MTZTiltShadowView.m in Sources */ = {isa = PBXBuildFile; fileRef = C933F84B16FCE6D6007B1760 /* MTZTiltShadowView.m */; };
		C933F85016FCE6E4007B1760 /* TLTiltHighlightView.m in Sources */ = {isa = PBXBuildFile; fileRef = C933F84F16FCE6E4007B1760 /* TLTiltHighlightView.m */; };
		C933F85A16FCFC6B007B1760 /* MTZTiltReflectionSliderKnobBase-Small.png in Resources */ = {isa = PBXBuildFile; fileRef = C933F85216FCFC6B007B1760 /* MTZTiltReflectionSliderKnobBase-Small.png */; };
		C933F85B16FCFC6B007B1760 /* MTZTiltReflectionSliderKnobBase-Small@2x.png in Resources */ = {isa = PBXBuildFile; fileRef = C933F85316FCFC6B007B1760 /* MTZTiltReflectionSliderKnobBase-Small@2x.png */; };
		C933F85C16FCFC6B007B1760 /* MTZTiltReflectionSliderKnobBase.png in Resources */ = {isa = PBXBuildFile; fileRef = C933F85416FCFC6B007B1760 /* MTZTiltReflectionSliderKnobBase.png */; };
		C933F85D16FCFC6B007B1760 /* MTZTiltReflectionSliderKnobBase@2x.png in Resources */ = {isa = PBXBuildFile; fileRef = C933F85516FCFC6B007B1760 /* MTZTiltReflectionSliderKnobBase@2x.png */; };
		C933F85E16FCFC6B007B1760 /* MTZTiltReflectionSliderTrackEmpty.png in Resources */ = {isa = PBXBuildFile; fileRef = C933F85616FCFC6B007B1760 /* MTZTiltReflectionSliderTrackEmpty.png */; };
		C933F85F16FCFC6B007B1760 /* MTZTiltReflectionSliderTrackEmpty@2x.png in Resources */ = {isa = PBXBuildFile; fileRef = C933F85716FCFC6B007B1760 /* MTZTiltReflectionSliderTrackEmpty@2x.png */; };
		C933F86016FCFC6B007B1760 /* MTZTiltReflectionSliderTrackFill.png in Resources */ = {isa = PBXBuildFile; fileRef = C933F85816FCFC6B007B1760 /* MTZTiltReflectionSliderTrackFill.png */; };
		C933F86116FCFC6B007B1760 /* MTZTiltReflectionSliderTrackFill@2x.png in Resources */ = {isa = PBXBuildFile; fileRef = C933F85916FCFC6B007B1760 /* MTZTiltReflectionSliderTrackFill@2x.png */; };
		C933F86416FE4C8A007B1760 /* UIImage+Shadow.m in Sources */ = {isa = PBXBuildFile; fileRef = C933F86316FE4C8A007B1760 /* UIImage+Shadow.m */; };
		C939738417188E9700380D31 /* MTZTiltReflectionSliderShineClear-Small.png in Resources */ = {isa = PBXBuildFile; fileRef = C939738017188E9700380D31 /* MTZTiltReflectionSliderShineClear-Small.png */; };
		C939738517188E9700380D31 /* MTZTiltReflectionSliderShineClear-Small@2x.png in Resources */ = {isa = PBXBuildFile; fileRef = C939738117188E9700380D31 /* MTZTiltReflectionSliderShineClear-Small@2x.png */; };
		C939738617188E9700380D31 /* MTZTiltReflectionSliderShineClear.png in Resources */ = {isa = PBXBuildFile; fileRef = C939738217188E9700380D31 /* MTZTiltReflectionSliderShineClear.png */; };
		C939738717188E9700380D31 /* MTZTiltReflectionSliderShineClear@2x.png in Resources */ = {isa = PBXBuildFile; fileRef = C939738317188E9700380D31 /* MTZTiltReflectionSliderShineClear@2x.png */; };
		C974616D16F11F5A00C2C633 /* TLViewController.xib in Resources */ = {isa = PBXBuildFile; fileRef = C974616C16F11F5A00C2C633 /* TLViewController.xib */; };
		C9954B85170A5C6F00302267 /* MediaPlayer.framework in Frameworks */ = {isa = PBXBuildFile; fileRef = C9954B84170A5C6F00302267 /* MediaPlayer.framework */; };
		C9CB70CC1714D16C00311083 /* MTZTiltGradientButton.m in Sources */ = {isa = PBXBuildFile; fileRef = C9CB70CB1714D16C00311083 /* MTZTiltGradientButton.m */; };
		C9CB70CF1714FB5200311083 /* Star.png in Resources */ = {isa = PBXBuildFile; fileRef = C9CB70CD1714FB5200311083 /* Star.png */; };
		C9CB70D01714FB5200311083 /* Star@2x.png in Resources */ = {isa = PBXBuildFile; fileRef = C9CB70CE1714FB5200311083 /* Star@2x.png */; };
		C9CB70D31715BB7D00311083 /* UIImage+Tint.m in Sources */ = {isa = PBXBuildFile; fileRef = C9CB70D21715BB7D00311083 /* UIImage+Tint.m */; };
		C9CB70D61716418200311083 /* UIImage+Rotate.m in Sources */ = {isa = PBXBuildFile; fileRef = C9CB70D51716418200311083 /* UIImage+Rotate.m */; };
		C9CB70E1171664F900311083 /* UISlider+ForAllStates.m in Sources */ = {isa = PBXBuildFile; fileRef = C9CB70E0171664F900311083 /* UISlider+ForAllStates.m */; };
/* End PBXBuildFile section */

/* Begin PBXFileReference section */
		5E9C08A716E63B440072CCC7 /* TLTiltHighlightView_Test.app */ = {isa = PBXFileReference; explicitFileType = wrapper.application; includeInIndex = 0; path = TLTiltHighlightView_Test.app; sourceTree = BUILT_PRODUCTS_DIR; };
		5E9C08AA16E63B440072CCC7 /* UIKit.framework */ = {isa = PBXFileReference; lastKnownFileType = wrapper.framework; name = UIKit.framework; path = System/Library/Frameworks/UIKit.framework; sourceTree = SDKROOT; };
		5E9C08AC16E63B440072CCC7 /* Foundation.framework */ = {isa = PBXFileReference; lastKnownFileType = wrapper.framework; name = Foundation.framework; path = System/Library/Frameworks/Foundation.framework; sourceTree = SDKROOT; };
		5E9C08AE16E63B440072CCC7 /* CoreGraphics.framework */ = {isa = PBXFileReference; lastKnownFileType = wrapper.framework; name = CoreGraphics.framework; path = System/Library/Frameworks/CoreGraphics.framework; sourceTree = SDKROOT; };
		5E9C08D016E63CFC0072CCC7 /* QuartzCore.framework */ = {isa = PBXFileReference; lastKnownFileType = wrapper.framework; name = QuartzCore.framework; path = System/Library/Frameworks/QuartzCore.framework; sourceTree = SDKROOT; };
		5E9C08D216E640060072CCC7 /* CoreMotion.framework */ = {isa = PBXFileReference; lastKnownFileType = wrapper.framework; name = CoreMotion.framework; path = System/Library/Frameworks/CoreMotion.framework; sourceTree = SDKROOT; };
		5E9C08DC16E65E3F0072CCC7 /* main.m */ = {isa = PBXFileReference; lastKnownFileType = sourcecode.c.objc; name = main.m; path = "TLTiltHighlightView Test/main.m"; sourceTree = SOURCE_ROOT; };
		5E9C08DD16E65E3F0072CCC7 /* TLAppDelegate.h */ = {isa = PBXFileReference; lastKnownFileType = sourcecode.c.h; name = TLAppDelegate.h; path = "TLTiltHighlightView Test/TLAppDelegate.h"; sourceTree = SOURCE_ROOT; };
		5E9C08DE16E65E3F0072CCC7 /* TLAppDelegate.m */ = {isa = PBXFileReference; lastKnownFileType = sourcecode.c.objc; name = TLAppDelegate.m; path = "TLTiltHighlightView Test/TLAppDelegate.m"; sourceTree = SOURCE_ROOT; };
		5E9C08DF16E65E3F0072CCC7 /* TLTiltHighlightView-Test-Info.plist */ = {isa = PBXFileReference; lastKnownFileType = text.plist.xml; name = "TLTiltHighlightView-Test-Info.plist"; path = "TLTiltHighlightView Test/TLTiltHighlightView-Test-Info.plist"; sourceTree = SOURCE_ROOT; };
		5E9C08E016E65E3F0072CCC7 /* TLTiltHighlightView-Test-Prefix.pch */ = {isa = PBXFileReference; lastKnownFileType = sourcecode.c.h; name = "TLTiltHighlightView-Test-Prefix.pch"; path = "TLTiltHighlightView Test/TLTiltHighlightView-Test-Prefix.pch"; sourceTree = SOURCE_ROOT; };
		5E9C08E116E65E3F0072CCC7 /* TLViewController.h */ = {isa = PBXFileReference; lastKnownFileType = sourcecode.c.h; name = TLViewController.h; path = "TLTiltHighlightView Test/TLViewController.h"; sourceTree = SOURCE_ROOT; };
		5E9C08E216E65E3F0072CCC7 /* TLViewController.m */ = {isa = PBXFileReference; lastKnownFileType = sourcecode.c.objc; name = TLViewController.m; path = "TLTiltHighlightView Test/TLViewController.m"; sourceTree = SOURCE_ROOT; };
		5EBEFCE016E6A86800C19486 /* Default-568h@2x.png */ = {isa = PBXFileReference; lastKnownFileType = image.png; path = "Default-568h@2x.png"; sourceTree = SOURCE_ROOT; };
		5EBEFCE116E6A86800C19486 /* Default.png */ = {isa = PBXFileReference; lastKnownFileType = image.png; path = Default.png; sourceTree = SOURCE_ROOT; };
		5EBEFCE216E6A86800C19486 /* Default@2x.png */ = {isa = PBXFileReference; lastKnownFileType = image.png; path = "Default@2x.png"; sourceTree = SOURCE_ROOT; };
		C933F82B16FCE5FA007B1760 /* FastForwardButton.png */ = {isa = PBXFileReference; lastKnownFileType = image.png; name = FastForwardButton.png; path = "TLTiltHighlightView Test/FastForwardButton.png"; sourceTree = SOURCE_ROOT; };
		C933F82C16FCE5FA007B1760 /* FastForwardButton@2x.png */ = {isa = PBXFileReference; lastKnownFileType = image.png; name = "FastForwardButton@2x.png"; path = "TLTiltHighlightView Test/FastForwardButton@2x.png"; sourceTree = SOURCE_ROOT; };
		C933F82D16FCE5FA007B1760 /* PlayButton.png */ = {isa = PBXFileReference; lastKnownFileType = image.png; name = PlayButton.png; path = "TLTiltHighlightView Test/PlayButton.png"; sourceTree = SOURCE_ROOT; };
		C933F82E16FCE5FA007B1760 /* PlayButton@2x.png */ = {isa = PBXFileReference; lastKnownFileType = image.png; name = "PlayButton@2x.png"; path = "TLTiltHighlightView Test/PlayButton@2x.png"; sourceTree = SOURCE_ROOT; };
		C933F82F16FCE5FA007B1760 /* RewindButton.png */ = {isa = PBXFileReference; lastKnownFileType = image.png; name = RewindButton.png; path = "TLTiltHighlightView Test/RewindButton.png"; sourceTree = SOURCE_ROOT; };
		C933F83016FCE5FA007B1760 /* RewindButton@2x.png */ = {isa = PBXFileReference; lastKnownFileType = image.png; name = "RewindButton@2x.png"; path = "TLTiltHighlightView Test/RewindButton@2x.png"; sourceTree = SOURCE_ROOT; };
		C933F83816FCE67A007B1760 /* GZCoreGraphicsAdditions.h */ = {isa = PBXFileReference; fileEncoding = 4; lastKnownFileType = sourcecode.c.h; name = GZCoreGraphicsAdditions.h; path = MTZTiltReflectionSlider/GZCoreGraphicsAdditions.h; sourceTree = SOURCE_ROOT; };
		C933F83916FCE67A007B1760 /* GZCoreGraphicsAdditions.m */ = {isa = PBXFileReference; fileEncoding = 4; lastKnownFileType = sourcecode.c.objc; name = GZCoreGraphicsAdditions.m; path = MTZTiltReflectionSlider/GZCoreGraphicsAdditions.m; sourceTree = SOURCE_ROOT; };
		C933F83F16FCE67B007B1760 /* MTZTiltReflectionSlider.h */ = {isa = PBXFileReference; fileEncoding = 4; lastKnownFileType = sourcecode.c.h; name = MTZTiltReflectionSlider.h; path = MTZTiltReflectionSlider/MTZTiltReflectionSlider.h; sourceTree = SOURCE_ROOT; };
		C933F84016FCE67B007B1760 /* MTZTiltReflectionSlider.m */ = {isa = PBXFileReference; fileEncoding = 4; lastKnownFileType = sourcecode.c.objc; name = MTZTiltReflectionSlider.m; path = MTZTiltReflectionSlider/MTZTiltReflectionSlider.m; sourceTree = SOURCE_ROOT; };
		C933F84A16FCE6D6007B1760 /* MTZTiltShadowView.h */ = {isa = PBXFileReference; fileEncoding = 4; lastKnownFileType = sourcecode.c.h; name = MTZTiltShadowView.h; path = MTZTiltShadowView/MTZTiltShadowView.h; sourceTree = SOURCE_ROOT; };
		C933F84B16FCE6D6007B1760 /* MTZTiltShadowView.m */ = {isa = PBXFileReference; fileEncoding = 4; lastKnownFileType = sourcecode.c.objc; name = MTZTiltShadowView.m; path = MTZTiltShadowView/MTZTiltShadowView.m; sourceTree = SOURCE_ROOT; };
		C933F84E16FCE6E4007B1760 /* TLTiltHighlightView.h */ = {isa = PBXFileReference; fileEncoding = 4; lastKnownFileType = sourcecode.c.h; path = TLTiltHighlightView.h; sourceTree = "<group>"; };
		C933F84F16FCE6E4007B1760 /* TLTiltHighlightView.m */ = {isa = PBXFileReference; fileEncoding = 4; lastKnownFileType = sourcecode.c.objc; path = TLTiltHighlightView.m; sourceTree = "<group>"; };
		C933F85216FCFC6B007B1760 /* MTZTiltReflectionSliderKnobBase-Small.png */ = {isa = PBXFileReference; lastKnownFileType = image.png; name = "MTZTiltReflectionSliderKnobBase-Small.png"; path = "MTZTiltReflectionSlider/MTZTiltReflectionSliderKnobBase-Small.png"; sourceTree = SOURCE_ROOT; };
		C933F85316FCFC6B007B1760 /* MTZTiltReflectionSliderKnobBase-Small@2x.png */ = {isa = PBXFileReference; lastKnownFileType = image.png; name = "MTZTiltReflectionSliderKnobBase-Small@2x.png"; path = "MTZTiltReflectionSlider/MTZTiltReflectionSliderKnobBase-Small@2x.png"; sourceTree = SOURCE_ROOT; };
		C933F85416FCFC6B007B1760 /* MTZTiltReflectionSliderKnobBase.png */ = {isa = PBXFileReference; lastKnownFileType = image.png; name = MTZTiltReflectionSliderKnobBase.png; path = MTZTiltReflectionSlider/MTZTiltReflectionSliderKnobBase.png; sourceTree = SOURCE_ROOT; };
		C933F85516FCFC6B007B1760 /* MTZTiltReflectionSliderKnobBase@2x.png */ = {isa = PBXFileReference; lastKnownFileType = image.png; name = "MTZTiltReflectionSliderKnobBase@2x.png"; path = "MTZTiltReflectionSlider/MTZTiltReflectionSliderKnobBase@2x.png"; sourceTree = SOURCE_ROOT; };
		C933F85616FCFC6B007B1760 /* MTZTiltReflectionSliderTrackEmpty.png */ = {isa = PBXFileReference; lastKnownFileType = image.png; name = MTZTiltReflectionSliderTrackEmpty.png; path = MTZTiltReflectionSlider/MTZTiltReflectionSliderTrackEmpty.png; sourceTree = SOURCE_ROOT; };
		C933F85716FCFC6B007B1760 /* MTZTiltReflectionSliderTrackEmpty@2x.png */ = {isa = PBXFileReference; lastKnownFileType = image.png; name = "MTZTiltReflectionSliderTrackEmpty@2x.png"; path = "MTZTiltReflectionSlider/MTZTiltReflectionSliderTrackEmpty@2x.png"; sourceTree = SOURCE_ROOT; };
		C933F85816FCFC6B007B1760 /* MTZTiltReflectionSliderTrackFill.png */ = {isa = PBXFileReference; lastKnownFileType = image.png; name = MTZTiltReflectionSliderTrackFill.png; path = MTZTiltReflectionSlider/MTZTiltReflectionSliderTrackFill.png; sourceTree = SOURCE_ROOT; };
		C933F85916FCFC6B007B1760 /* MTZTiltReflectionSliderTrackFill@2x.png */ = {isa = PBXFileReference; lastKnownFileType = image.png; name = "MTZTiltReflectionSliderTrackFill@2x.png"; path = "MTZTiltReflectionSlider/MTZTiltReflectionSliderTrackFill@2x.png"; sourceTree = SOURCE_ROOT; };
		C933F86216FE4C8A007B1760 /* UIImage+Shadow.h */ = {isa = PBXFileReference; fileEncoding = 4; lastKnownFileType = sourcecode.c.h; name = "UIImage+Shadow.h"; path = "../MTZTiltReflectionSlider/UIImage+Shadow.h"; sourceTree = "<group>"; };
		C933F86316FE4C8A007B1760 /* UIImage+Shadow.m */ = {isa = PBXFileReference; fileEncoding = 4; lastKnownFileType = sourcecode.c.objc; name = "UIImage+Shadow.m"; path = "../MTZTiltReflectionSlider/UIImage+Shadow.m"; sourceTree = "<group>"; };
		C939738017188E9700380D31 /* MTZTiltReflectionSliderShineClear-Small.png */ = {isa = PBXFileReference; lastKnownFileType = image.png; name = "MTZTiltReflectionSliderShineClear-Small.png"; path = "MTZTiltReflectionSlider/MTZTiltReflectionSliderShineClear-Small.png"; sourceTree = SOURCE_ROOT; };
		C939738117188E9700380D31 /* MTZTiltReflectionSliderShineClear-Small@2x.png */ = {isa = PBXFileReference; lastKnownFileType = image.png; name = "MTZTiltReflectionSliderShineClear-Small@2x.png"; path = "MTZTiltReflectionSlider/MTZTiltReflectionSliderShineClear-Small@2x.png"; sourceTree = SOURCE_ROOT; };
		C939738217188E9700380D31 /* MTZTiltReflectionSliderShineClear.png */ = {isa = PBXFileReference; lastKnownFileType = image.png; name = MTZTiltReflectionSliderShineClear.png; path = MTZTiltReflectionSlider/MTZTiltReflectionSliderShineClear.png; sourceTree = SOURCE_ROOT; };
		C939738317188E9700380D31 /* MTZTiltReflectionSliderShineClear@2x.png */ = {isa = PBXFileReference; lastKnownFileType = image.png; name = "MTZTiltReflectionSliderShineClear@2x.png"; path = "MTZTiltReflectionSlider/MTZTiltReflectionSliderShineClear@2x.png"; sourceTree = SOURCE_ROOT; };
		C974616C16F11F5A00C2C633 /* TLViewController.xib */ = {isa = PBXFileReference; fileEncoding = 4; lastKnownFileType = file.xib; name = TLViewController.xib; path = "TLTiltHighlightView Test/TLViewController.xib"; sourceTree = SOURCE_ROOT; };
		C9954B84170A5C6F00302267 /* MediaPlayer.framework */ = {isa = PBXFileReference; lastKnownFileType = wrapper.framework; name = MediaPlayer.framework; path = System/Library/Frameworks/MediaPlayer.framework; sourceTree = SDKROOT; };
		C9CB70CA1714D16C00311083 /* MTZTiltGradientButton.h */ = {isa = PBXFileReference; fileEncoding = 4; lastKnownFileType = sourcecode.c.h; path = MTZTiltGradientButton.h; sourceTree = "<group>"; };
		C9CB70CB1714D16C00311083 /* MTZTiltGradientButton.m */ = {isa = PBXFileReference; fileEncoding = 4; lastKnownFileType = sourcecode.c.objc; path = MTZTiltGradientButton.m; sourceTree = "<group>"; };
		C9CB70CD1714FB5200311083 /* Star.png */ = {isa = PBXFileReference; lastKnownFileType = image.png; path = Star.png; sourceTree = "<group>"; };
		C9CB70CE1714FB5200311083 /* Star@2x.png */ = {isa = PBXFileReference; lastKnownFileType = image.png; path = "Star@2x.png"; sourceTree = "<group>"; };
		C9CB70D11715BB7D00311083 /* UIImage+Tint.h */ = {isa = PBXFileReference; fileEncoding = 4; lastKnownFileType = sourcecode.c.h; path = "UIImage+Tint.h"; sourceTree = "<group>"; };
		C9CB70D21715BB7D00311083 /* UIImage+Tint.m */ = {isa = PBXFileReference; fileEncoding = 4; lastKnownFileType = sourcecode.c.objc; path = "UIImage+Tint.m"; sourceTree = "<group>"; };
		C9CB70D41716418200311083 /* UIImage+Rotate.h */ = {isa = PBXFileReference; fileEncoding = 4; lastKnownFileType = sourcecode.c.h; path = "UIImage+Rotate.h"; sourceTree = "<group>"; };
		C9CB70D51716418200311083 /* UIImage+Rotate.m */ = {isa = PBXFileReference; fileEncoding = 4; lastKnownFileType = sourcecode.c.objc; path = "UIImage+Rotate.m"; sourceTree = "<group>"; };
		C9CB70DF171664F900311083 /* UISlider+ForAllStates.h */ = {isa = PBXFileReference; fileEncoding = 4; lastKnownFileType = sourcecode.c.h; path = "UISlider+ForAllStates.h"; sourceTree = "<group>"; };
		C9CB70E0171664F900311083 /* UISlider+ForAllStates.m */ = {isa = PBXFileReference; fileEncoding = 4; lastKnownFileType = sourcecode.c.objc; path = "UISlider+ForAllStates.m"; sourceTree = "<group>"; };
/* End PBXFileReference section */

/* Begin PBXFrameworksBuildPhase section */
		5E9C08A416E63B440072CCC7 /* Frameworks */ = {
			isa = PBXFrameworksBuildPhase;
			buildActionMask = 2147483647;
			files = (
				C9954B85170A5C6F00302267 /* MediaPlayer.framework in Frameworks */,
				5E9C08D316E640060072CCC7 /* CoreMotion.framework in Frameworks */,
				5E9C08D116E63CFC0072CCC7 /* QuartzCore.framework in Frameworks */,
				5E9C08AB16E63B440072CCC7 /* UIKit.framework in Frameworks */,
				5E9C08AD16E63B440072CCC7 /* Foundation.framework in Frameworks */,
				5E9C08AF16E63B440072CCC7 /* CoreGraphics.framework in Frameworks */,
			);
			runOnlyForDeploymentPostprocessing = 0;
		};
/* End PBXFrameworksBuildPhase section */

/* Begin PBXGroup section */
		5E9C089E16E63B440072CCC7 = {
			isa = PBXGroup;
			children = (
				5E9C08B016E63B440072CCC7 /* TLTiltHighlightView */,
				5E9C08A916E63B440072CCC7 /* Frameworks */,
				5E9C08A816E63B440072CCC7 /* Products */,
			);
			sourceTree = "<group>";
		};
		5E9C08A816E63B440072CCC7 /* Products */ = {
			isa = PBXGroup;
			children = (
				5E9C08A716E63B440072CCC7 /* TLTiltHighlightView_Test.app */,
			);
			name = Products;
			sourceTree = "<group>";
		};
		5E9C08A916E63B440072CCC7 /* Frameworks */ = {
			isa = PBXGroup;
			children = (
				5E9C08D216E640060072CCC7 /* CoreMotion.framework */,
				5E9C08D016E63CFC0072CCC7 /* QuartzCore.framework */,
				5E9C08AA16E63B440072CCC7 /* UIKit.framework */,
				5E9C08AC16E63B440072CCC7 /* Foundation.framework */,
				5E9C08AE16E63B440072CCC7 /* CoreGraphics.framework */,
				C9954B84170A5C6F00302267 /* MediaPlayer.framework */,
			);
			name = Frameworks;
			sourceTree = "<group>";
		};
		5E9C08B016E63B440072CCC7 /* TLTiltHighlightView */ = {
			isa = PBXGroup;
			children = (
				5E9C08DD16E65E3F0072CCC7 /* TLAppDelegate.h */,
				5E9C08DE16E65E3F0072CCC7 /* TLAppDelegate.m */,
				5E9C08E116E65E3F0072CCC7 /* TLViewController.h */,
				5E9C08E216E65E3F0072CCC7 /* TLViewController.m */,
				C974616C16F11F5A00C2C633 /* TLViewController.xib */,
				C9CB70CA1714D16C00311083 /* MTZTiltGradientButton.h */,
				C9CB70CB1714D16C00311083 /* MTZTiltGradientButton.m */,
				C9CB70D11715BB7D00311083 /* UIImage+Tint.h */,
				C9CB70D21715BB7D00311083 /* UIImage+Tint.m */,
				C9CB70CD1714FB5200311083 /* Star.png */,
				C9CB70CE1714FB5200311083 /* Star@2x.png */,
				C933F85116FCE6E7007B1760 /* TLTiltHighlightView */,
				C933F84D16FCE6D9007B1760 /* MTZTiltShadowView */,
				C933F84816FCE681007B1760 /* MTZTiltReflectionSlider */,
				5E9C08B116E63B440072CCC7 /* Supporting Files */,
			);
			path = TLTiltHighlightView;
			sourceTree = "<group>";
		};
		5E9C08B116E63B440072CCC7 /* Supporting Files */ = {
			isa = PBXGroup;
			children = (
				5EBEFCE016E6A86800C19486 /* Default-568h@2x.png */,
				5EBEFCE116E6A86800C19486 /* Default.png */,
				5EBEFCE216E6A86800C19486 /* Default@2x.png */,
				5E9C08DC16E65E3F0072CCC7 /* main.m */,
				5E9C08DF16E65E3F0072CCC7 /* TLTiltHighlightView-Test-Info.plist */,
				5E9C08E016E65E3F0072CCC7 /* TLTiltHighlightView-Test-Prefix.pch */,
				C933F83716FCE5FD007B1760 /* Graphics */,
			);
			name = "Supporting Files";
			sourceTree = "<group>";
		};
		C933F83716FCE5FD007B1760 /* Graphics */ = {
			isa = PBXGroup;
			children = (
				C933F82B16FCE5FA007B1760 /* FastForwardButton.png */,
				C933F82C16FCE5FA007B1760 /* FastForwardButton@2x.png */,
				C933F82D16FCE5FA007B1760 /* PlayButton.png */,
				C933F82E16FCE5FA007B1760 /* PlayButton@2x.png */,
				C933F82F16FCE5FA007B1760 /* RewindButton.png */,
				C933F83016FCE5FA007B1760 /* RewindButton@2x.png */,
			);
			name = Graphics;
			sourceTree = "<group>";
		};
		C933F84816FCE681007B1760 /* MTZTiltReflectionSlider */ = {
			isa = PBXGroup;
			children = (
				C933F83F16FCE67B007B1760 /* MTZTiltReflectionSlider.h */,
				C933F84016FCE67B007B1760 /* MTZTiltReflectionSlider.m */,
				C9CB70DF171664F900311083 /* UISlider+ForAllStates.h */,
				C9CB70E0171664F900311083 /* UISlider+ForAllStates.m */,
				C9CB70D41716418200311083 /* UIImage+Rotate.h */,
				C9CB70D51716418200311083 /* UIImage+Rotate.m */,
				C933F83816FCE67A007B1760 /* GZCoreGraphicsAdditions.h */,
				C933F83916FCE67A007B1760 /* GZCoreGraphicsAdditions.m */,
				C933F86216FE4C8A007B1760 /* UIImage+Shadow.h */,
				C933F86316FE4C8A007B1760 /* UIImage+Shadow.m */,
				C933F84916FCE694007B1760 /* Graphics */,
			);
			name = MTZTiltReflectionSlider;
			sourceTree = "<group>";
		};
		C933F84916FCE694007B1760 /* Graphics */ = {
			isa = PBXGroup;
			children = (
				C933F85216FCFC6B007B1760 /* MTZTiltReflectionSliderKnobBase-Small.png */,
				C933F85316FCFC6B007B1760 /* MTZTiltReflectionSliderKnobBase-Small@2x.png */,
				C933F85416FCFC6B007B1760 /* MTZTiltReflectionSliderKnobBase.png */,
				C933F85516FCFC6B007B1760 /* MTZTiltReflectionSliderKnobBase@2x.png */,
				C939738017188E9700380D31 /* MTZTiltReflectionSliderShineClear-Small.png */,
				C939738117188E9700380D31 /* MTZTiltReflectionSliderShineClear-Small@2x.png */,
				C939738217188E9700380D31 /* MTZTiltReflectionSliderShineClear.png */,
				C939738317188E9700380D31 /* MTZTiltReflectionSliderShineClear@2x.png */,
				C933F85616FCFC6B007B1760 /* MTZTiltReflectionSliderTrackEmpty.png */,
				C933F85716FCFC6B007B1760 /* MTZTiltReflectionSliderTrackEmpty@2x.png */,
				C933F85816FCFC6B007B1760 /* MTZTiltReflectionSliderTrackFill.png */,
				C933F85916FCFC6B007B1760 /* MTZTiltReflectionSliderTrackFill@2x.png */,
			);
			name = Graphics;
			sourceTree = "<group>";
		};
		C933F84D16FCE6D9007B1760 /* MTZTiltShadowView */ = {
			isa = PBXGroup;
			children = (
				C933F84A16FCE6D6007B1760 /* MTZTiltShadowView.h */,
				C933F84B16FCE6D6007B1760 /* MTZTiltShadowView.m */,
			);
			name = MTZTiltShadowView;
			sourceTree = "<group>";
		};
		C933F85116FCE6E7007B1760 /* TLTiltHighlightView */ = {
			isa = PBXGroup;
			children = (
				C933F84E16FCE6E4007B1760 /* TLTiltHighlightView.h */,
				C933F84F16FCE6E4007B1760 /* TLTiltHighlightView.m */,
			);
			name = TLTiltHighlightView;
			sourceTree = "<group>";
		};
/* End PBXGroup section */

/* Begin PBXNativeTarget section */
		5E9C08A616E63B440072CCC7 /* TLTiltHighlightView_Test */ = {
			isa = PBXNativeTarget;
			buildConfigurationList = 5E9C08CA16E63B440072CCC7 /* Build configuration list for PBXNativeTarget "TLTiltHighlightView_Test" */;
			buildPhases = (
				5E9C08A316E63B440072CCC7 /* Sources */,
				5E9C08A416E63B440072CCC7 /* Frameworks */,
				5E9C08A516E63B440072CCC7 /* Resources */,
			);
			buildRules = (
			);
			dependencies = (
			);
			name = TLTiltHighlightView_Test;
			productName = TLTiltHighlightView;
			productReference = 5E9C08A716E63B440072CCC7 /* TLTiltHighlightView_Test.app */;
			productType = "com.apple.product-type.application";
		};
/* End PBXNativeTarget section */

/* Begin PBXProject section */
		5E9C089F16E63B440072CCC7 /* Project object */ = {
			isa = PBXProject;
			attributes = {
				CLASSPREFIX = TL;
				LastUpgradeCheck = 0460;
				ORGANIZATIONNAME = "Teehan+Lax";
			};
			buildConfigurationList = 5E9C08A216E63B440072CCC7 /* Build configuration list for PBXProject "TLTiltHighlightView_Test" */;
			compatibilityVersion = "Xcode 3.2";
			developmentRegion = English;
			hasScannedForEncodings = 0;
			knownRegions = (
				en,
			);
			mainGroup = 5E9C089E16E63B440072CCC7;
			productRefGroup = 5E9C08A816E63B440072CCC7 /* Products */;
			projectDirPath = "";
			projectRoot = "";
			targets = (
				5E9C08A616E63B440072CCC7 /* TLTiltHighlightView_Test */,
			);
		};
/* End PBXProject section */

/* Begin PBXResourcesBuildPhase section */
		5E9C08A516E63B440072CCC7 /* Resources */ = {
			isa = PBXResourcesBuildPhase;
			buildActionMask = 2147483647;
			files = (
				5EBEFCE316E6A86800C19486 /* Default-568h@2x.png in Resources */,
				5EBEFCE416E6A86800C19486 /* Default.png in Resources */,
				5EBEFCE516E6A86800C19486 /* Default@2x.png in Resources */,
				C974616D16F11F5A00C2C633 /* TLViewController.xib in Resources */,
				C933F83116FCE5FA007B1760 /* FastForwardButton.png in Resources */,
				C933F83216FCE5FA007B1760 /* FastForwardButton@2x.png in Resources */,
				C933F83316FCE5FA007B1760 /* PlayButton.png in Resources */,
				C933F83416FCE5FA007B1760 /* PlayButton@2x.png in Resources */,
				C933F83516FCE5FA007B1760 /* RewindButton.png in Resources */,
				C933F83616FCE5FA007B1760 /* RewindButton@2x.png in Resources */,
				C933F85A16FCFC6B007B1760 /* MTZTiltReflectionSliderKnobBase-Small.png in Resources */,
				C933F85B16FCFC6B007B1760 /* MTZTiltReflectionSliderKnobBase-Small@2x.png in Resources */,
				C933F85C16FCFC6B007B1760 /* MTZTiltReflectionSliderKnobBase.png in Resources */,
				C933F85D16FCFC6B007B1760 /* MTZTiltReflectionSliderKnobBase@2x.png in Resources */,
				C933F85E16FCFC6B007B1760 /* MTZTiltReflectionSliderTrackEmpty.png in Resources */,
				C933F85F16FCFC6B007B1760 /* MTZTiltReflectionSliderTrackEmpty@2x.png in Resources */,
				C933F86016FCFC6B007B1760 /* MTZTiltReflectionSliderTrackFill.png in Resources */,
				C933F86116FCFC6B007B1760 /* MTZTiltReflectionSliderTrackFill@2x.png in Resources */,
				C9CB70CF1714FB5200311083 /* Star.png in Resources */,
				C9CB70D01714FB5200311083 /* Star@2x.png in Resources */,
				C939738417188E9700380D31 /* MTZTiltReflectionSliderShineClear-Small.png in Resources */,
				C939738517188E9700380D31 /* MTZTiltReflectionSliderShineClear-Small@2x.png in Resources */,
				C939738617188E9700380D31 /* MTZTiltReflectionSliderShineClear.png in Resources */,
				C939738717188E9700380D31 /* MTZTiltReflectionSliderShineClear@2x.png in Resources */,
			);
			runOnlyForDeploymentPostprocessing = 0;
		};
/* End PBXResourcesBuildPhase section */

/* Begin PBXSourcesBuildPhase section */
		5E9C08A316E63B440072CCC7 /* Sources */ = {
			isa = PBXSourcesBuildPhase;
			buildActionMask = 2147483647;
			files = (
				5EBEFCE716E6A94200C19486 /* main.m in Sources */,
				5EBEFCDF16E6A84400C19486 /* TLAppDelegate.m in Sources */,
				5EBEFCDE16E6A84200C19486 /* TLViewController.m in Sources */,
				C933F84116FCE67B007B1760 /* GZCoreGraphicsAdditions.m in Sources */,
				C933F84716FCE67B007B1760 /* MTZTiltReflectionSlider.m in Sources */,
				C933F84C16FCE6D6007B1760 /* MTZTiltShadowView.m in Sources */,
				C933F85016FCE6E4007B1760 /* TLTiltHighlightView.m in Sources */,
				C933F86416FE4C8A007B1760 /* UIImage+Shadow.m in Sources */,
				C9CB70CC1714D16C00311083 /* MTZTiltGradientButton.m in Sources */,
				C9CB70D31715BB7D00311083 /* UIImage+Tint.m in Sources */,
				C9CB70D61716418200311083 /* UIImage+Rotate.m in Sources */,
				C9CB70E1171664F900311083 /* UISlider+ForAllStates.m in Sources */,
			);
			runOnlyForDeploymentPostprocessing = 0;
		};
/* End PBXSourcesBuildPhase section */

/* Begin XCBuildConfiguration section */
		5E9C08C816E63B440072CCC7 /* Debug */ = {
			isa = XCBuildConfiguration;
			buildSettings = {
				ALWAYS_SEARCH_USER_PATHS = NO;
				CLANG_CXX_LANGUAGE_STANDARD = "gnu++0x";
				CLANG_CXX_LIBRARY = "libc++";
				CLANG_ENABLE_OBJC_ARC = YES;
				CLANG_WARN_CONSTANT_CONVERSION = YES;
				CLANG_WARN_EMPTY_BODY = YES;
				CLANG_WARN_ENUM_CONVERSION = YES;
				CLANG_WARN_INT_CONVERSION = YES;
				CLANG_WARN__DUPLICATE_METHOD_MATCH = YES;
				"CODE_SIGN_IDENTITY[sdk=iphoneos*]" = "iPhone Developer";
				COPY_PHASE_STRIP = NO;
				GCC_C_LANGUAGE_STANDARD = gnu99;
				GCC_DYNAMIC_NO_PIC = NO;
				GCC_OPTIMIZATION_LEVEL = 0;
				GCC_PREPROCESSOR_DEFINITIONS = (
					"DEBUG=1",
					"$(inherited)",
				);
				GCC_SYMBOLS_PRIVATE_EXTERN = NO;
				GCC_WARN_ABOUT_RETURN_TYPE = YES;
				GCC_WARN_UNINITIALIZED_AUTOS = YES;
				GCC_WARN_UNUSED_VARIABLE = YES;
				IPHONEOS_DEPLOYMENT_TARGET = 6.0;
				ONLY_ACTIVE_ARCH = YES;
				SDKROOT = iphoneos;
			};
			name = Debug;
		};
		5E9C08C916E63B440072CCC7 /* Release */ = {
			isa = XCBuildConfiguration;
			buildSettings = {
				ALWAYS_SEARCH_USER_PATHS = NO;
				CLANG_CXX_LANGUAGE_STANDARD = "gnu++0x";
				CLANG_CXX_LIBRARY = "libc++";
				CLANG_ENABLE_OBJC_ARC = YES;
				CLANG_WARN_CONSTANT_CONVERSION = YES;
				CLANG_WARN_EMPTY_BODY = YES;
				CLANG_WARN_ENUM_CONVERSION = YES;
				CLANG_WARN_INT_CONVERSION = YES;
				CLANG_WARN__DUPLICATE_METHOD_MATCH = YES;
				"CODE_SIGN_IDENTITY[sdk=iphoneos*]" = "iPhone Developer";
				COPY_PHASE_STRIP = YES;
				GCC_C_LANGUAGE_STANDARD = gnu99;
				GCC_WARN_ABOUT_RETURN_TYPE = YES;
				GCC_WARN_UNINITIALIZED_AUTOS = YES;
				GCC_WARN_UNUSED_VARIABLE = YES;
				IPHONEOS_DEPLOYMENT_TARGET = 6.0;
				OTHER_CFLAGS = "-DNS_BLOCK_ASSERTIONS=1";
				SDKROOT = iphoneos;
				VALIDATE_PRODUCT = YES;
			};
			name = Release;
		};
		5E9C08CB16E63B440072CCC7 /* Debug */ = {
			isa = XCBuildConfiguration;
			buildSettings = {
				GCC_OPTIMIZATION_LEVEL = 0;
				GCC_PRECOMPILE_PREFIX_HEADER = YES;
				GCC_PREFIX_HEADER = "TLTiltHighlightView Test/TLTiltHighlightView-Test-Prefix.pch";
				INFOPLIST_FILE = "$(SRCROOT)/TLTiltHighlightView Test/TLTiltHighlightView-Test-Info.plist";
				IPHONEOS_DEPLOYMENT_TARGET = 6.0;
				PRODUCT_NAME = TLTiltHighlightView_Test;
				WRAPPER_EXTENSION = app;
			};
			name = Debug;
		};
		5E9C08CC16E63B440072CCC7 /* Release */ = {
			isa = XCBuildConfiguration;
			buildSettings = {
				GCC_PRECOMPILE_PREFIX_HEADER = YES;
				GCC_PREFIX_HEADER = "TLTiltHighlightView Test/TLTiltHighlightView-Test-Prefix.pch";
				INFOPLIST_FILE = "$(SRCROOT)/TLTiltHighlightView Test/TLTiltHighlightView-Test-Info.plist";
				IPHONEOS_DEPLOYMENT_TARGET = 6.0;
				PRODUCT_NAME = TLTiltHighlightView_Test;
				WRAPPER_EXTENSION = app;
			};
			name = Release;
		};
/* End XCBuildConfiguration section */

/* Begin XCConfigurationList section */
		5E9C08A216E63B440072CCC7 /* Build configuration list for PBXProject "TLTiltHighlightView_Test" */ = {
			isa = XCConfigurationList;
			buildConfigurations = (
				5E9C08C816E63B440072CCC7 /* Debug */,
				5E9C08C916E63B440072CCC7 /* Release */,
			);
			defaultConfigurationIsVisible = 0;
			defaultConfigurationName = Release;
		};
		5E9C08CA16E63B440072CCC7 /* Build configuration list for PBXNativeTarget "TLTiltHighlightView_Test" */ = {
			isa = XCConfigurationList;
			buildConfigurations = (
				5E9C08CB16E63B440072CCC7 /* Debug */,
				5E9C08CC16E63B440072CCC7 /* Release */,
			);
			defaultConfigurationIsVisible = 0;
			defaultConfigurationName = Release;
		};
/* End XCConfigurationList section */
	};
	rootObject = 5E9C089F16E63B440072CCC7 /* Project object */;
}
